
Microsoft Visual Studio Solution File, Format Version 12.00
Project("{FAE04EC0-301F-11D3-BF4B-00C04F79EFBC}") = "ADP1_Practice01", "ADP1_Practice01\ADP1_Practice01.csproj", "{C0E140AC-C059-4828-BE6F-813999423453}"
EndProject
Global
	GlobalSection(SolutionConfigurationPlatforms) = preSolution
		Debug|Any CPU = Debug|Any CPU
		Release|Any CPU = Release|Any CPU
	EndGlobalSection
	GlobalSection(ProjectConfigurationPlatforms) = postSolution
		{C0E140AC-C059-4828-BE6F-813999423453}.Debug|Any CPU.ActiveCfg = Debug|Any CPU
		{C0E140AC-C059-4828-BE6F-813999423453}.Debug|Any CPU.Build.0 = Debug|Any CPU
		{C0E140AC-C059-4828-BE6F-813999423453}.Release|Any CPU.ActiveCfg = Release|Any CPU
		{C0E140AC-C059-4828-BE6F-813999423453}.Release|Any CPU.Build.0 = Release|Any CPU
	EndGlobalSection
EndGlobal
# END update
